// !$*UTF8*$!
{
	archiveVersion = 1;
	classes = {
	};
	objectVersion = 51;
	objects = {

/* Begin PBXBuildFile section */
		12A35991E040328E11D71735 /* Pods_PictogramApp_PictogramAppUITests.framework in Frameworks */ = {isa = PBXBuildFile; fileRef = 9AAA7E3BA39A7B8373D4ED85 /* Pods_PictogramApp_PictogramAppUITests.framework */; };
		2A77DDF2260D8CF100A992FE /* PictogramAppApp.swift in Sources */ = {isa = PBXBuildFile; fileRef = 2A77DDF1260D8CF100A992FE /* PictogramAppApp.swift */; };
		2A77DDF4260D8CF100A992FE /* ContentView.swift in Sources */ = {isa = PBXBuildFile; fileRef = 2A77DDF3260D8CF100A992FE /* ContentView.swift */; };
		2A77DDF6260D8CF300A992FE /* Assets.xcassets in Resources */ = {isa = PBXBuildFile; fileRef = 2A77DDF5260D8CF300A992FE /* Assets.xcassets */; };
		2A77DDF9260D8CF300A992FE /* Preview Assets.xcassets in Resources */ = {isa = PBXBuildFile; fileRef = 2A77DDF8260D8CF300A992FE /* Preview Assets.xcassets */; };
		2A77DE04260D8CF300A992FE /* PictogramAppTests.swift in Sources */ = {isa = PBXBuildFile; fileRef = 2A77DE03260D8CF300A992FE /* PictogramAppTests.swift */; };
		2A77DE0F260D8CF300A992FE /* PictogramAppUITests.swift in Sources */ = {isa = PBXBuildFile; fileRef = 2A77DE0E260D8CF300A992FE /* PictogramAppUITests.swift */; };
		2A77DE22260D8D4300A992FE /* SignInView.swift in Sources */ = {isa = PBXBuildFile; fileRef = 2A77DE21260D8D4300A992FE /* SignInView.swift */; };
		2A77DE27260D8D7700A992FE /* FormField.swift in Sources */ = {isa = PBXBuildFile; fileRef = 2A77DE26260D8D7700A992FE /* FormField.swift */; };
		2A77DE2D260D8DAE00A992FE /* ButtonModifiers.swift in Sources */ = {isa = PBXBuildFile; fileRef = 2A77DE2C260D8DAE00A992FE /* ButtonModifiers.swift */; };
		2A77DE38260D939600A992FE /* SignUpView.swift in Sources */ = {isa = PBXBuildFile; fileRef = 2A77DE37260D939600A992FE /* SignUpView.swift */; };
		2A77DE3E260DAD1F00A992FE /* ImagePicker.swift in Sources */ = {isa = PBXBuildFile; fileRef = 2A77DE3D260DAD1F00A992FE /* ImagePicker.swift */; };
		2A843408261D4C8300BD1A32 /* SessionStorage.swift in Sources */ = {isa = PBXBuildFile; fileRef = 2A843407261D4C8300BD1A32 /* SessionStorage.swift */; };
		2A84340D261D774300BD1A32 /* HomeView.swift in Sources */ = {isa = PBXBuildFile; fileRef = 2A84340C261D774300BD1A32 /* HomeView.swift */; };
		2A843412261DF71300BD1A32 /* Search.swift in Sources */ = {isa = PBXBuildFile; fileRef = 2A843411261DF71200BD1A32 /* Search.swift */; };
		2A843417261DF73C00BD1A32 /* PostView.swift in Sources */ = {isa = PBXBuildFile; fileRef = 2A843416261DF73C00BD1A32 /* PostView.swift */; };
		2A84341C261DF77300BD1A32 /* NotificationsView.swift in Sources */ = {isa = PBXBuildFile; fileRef = 2A84341B261DF77300BD1A32 /* NotificationsView.swift */; };
		2A843421261DF78900BD1A32 /* ProfileView.swift in Sources */ = {isa = PBXBuildFile; fileRef = 2A843420261DF78900BD1A32 /* ProfileView.swift */; };
		2A843426261DF7B000BD1A32 /* MainView.swift in Sources */ = {isa = PBXBuildFile; fileRef = 2A843425261DF7B000BD1A32 /* MainView.swift */; };
		2A843434261E6B5500BD1A32 /* PostModel.swift in Sources */ = {isa = PBXBuildFile; fileRef = 2A843433261E6B5500BD1A32 /* PostModel.swift */; };
		2A843439261E978A00BD1A32 /* PostService.swift in Sources */ = {isa = PBXBuildFile; fileRef = 2A843438261E978A00BD1A32 /* PostService.swift */; };
		2AF2DB55261A332500F13966 /* GoogleService-Info.plist in Resources */ = {isa = PBXBuildFile; fileRef = 2AF2DB54261A332400F13966 /* GoogleService-Info.plist */; };
		2AF2DB56261A332500F13966 /* GoogleService-Info.plist in Resources */ = {isa = PBXBuildFile; fileRef = 2AF2DB54261A332400F13966 /* GoogleService-Info.plist */; };
		2AF2DB57261A332500F13966 /* GoogleService-Info.plist in Resources */ = {isa = PBXBuildFile; fileRef = 2AF2DB54261A332400F13966 /* GoogleService-Info.plist */; };
		2AF2DB78261A5FB900F13966 /* UserModel.swift in Sources */ = {isa = PBXBuildFile; fileRef = 2AF2DB77261A5FB900F13966 /* UserModel.swift */; };
		2AF2DB80261A607000F13966 /* Extensions .swift in Sources */ = {isa = PBXBuildFile; fileRef = 2AF2DB7F261A607000F13966 /* Extensions .swift */; };
		2AF2DB86261A855500F13966 /* AuthService.swift in Sources */ = {isa = PBXBuildFile; fileRef = 2AF2DB85261A855500F13966 /* AuthService.swift */; };
		2AF2DB8F261A856E00F13966 /* StorageService.swift in Sources */ = {isa = PBXBuildFile; fileRef = 2AF2DB8E261A856E00F13966 /* StorageService.swift */; };
		7E88DDFCAB8B74DE7CEAC8B0 /* Pods_PictogramApp.framework in Frameworks */ = {isa = PBXBuildFile; fileRef = A94CFCDF3346BB0F49C26905 /* Pods_PictogramApp.framework */; };
		C9911B2272DE9855BD7F4185 /* Pods_PictogramAppTests.framework in Frameworks */ = {isa = PBXBuildFile; fileRef = 3F98AA1B72A1CEB2ABF3D0E4 /* Pods_PictogramAppTests.framework */; };
/* End PBXBuildFile section */

/* Begin PBXContainerItemProxy section */
		2A77DE00260D8CF300A992FE /* PBXContainerItemProxy */ = {
			isa = PBXContainerItemProxy;
			containerPortal = 2A77DDE6260D8CF100A992FE /* Project object */;
			proxyType = 1;
			remoteGlobalIDString = 2A77DDED260D8CF100A992FE;
			remoteInfo = PictogramApp;
		};
		2A77DE0B260D8CF300A992FE /* PBXContainerItemProxy */ = {
			isa = PBXContainerItemProxy;
			containerPortal = 2A77DDE6260D8CF100A992FE /* Project object */;
			proxyType = 1;
			remoteGlobalIDString = 2A77DDED260D8CF100A992FE;
			remoteInfo = PictogramApp;
		};
/* End PBXContainerItemProxy section */

/* Begin PBXFileReference section */
		2A77DDEE260D8CF100A992FE /* PictogramApp.app */ = {isa = PBXFileReference; explicitFileType = wrapper.application; includeInIndex = 0; path = PictogramApp.app; sourceTree = BUILT_PRODUCTS_DIR; };
		2A77DDF1260D8CF100A992FE /* PictogramAppApp.swift */ = {isa = PBXFileReference; lastKnownFileType = sourcecode.swift; path = PictogramAppApp.swift; sourceTree = "<group>"; };
		2A77DDF3260D8CF100A992FE /* ContentView.swift */ = {isa = PBXFileReference; lastKnownFileType = sourcecode.swift; path = ContentView.swift; sourceTree = "<group>"; };
		2A77DDF5260D8CF300A992FE /* Assets.xcassets */ = {isa = PBXFileReference; lastKnownFileType = folder.assetcatalog; path = Assets.xcassets; sourceTree = "<group>"; };
		2A77DDF8260D8CF300A992FE /* Preview Assets.xcassets */ = {isa = PBXFileReference; lastKnownFileType = folder.assetcatalog; path = "Preview Assets.xcassets"; sourceTree = "<group>"; };
		2A77DDFA260D8CF300A992FE /* Info.plist */ = {isa = PBXFileReference; lastKnownFileType = text.plist.xml; path = Info.plist; sourceTree = "<group>"; };
		2A77DDFF260D8CF300A992FE /* PictogramAppTests.xctest */ = {isa = PBXFileReference; explicitFileType = wrapper.cfbundle; includeInIndex = 0; path = PictogramAppTests.xctest; sourceTree = BUILT_PRODUCTS_DIR; };
		2A77DE03260D8CF300A992FE /* PictogramAppTests.swift */ = {isa = PBXFileReference; lastKnownFileType = sourcecode.swift; path = PictogramAppTests.swift; sourceTree = "<group>"; };
		2A77DE05260D8CF300A992FE /* Info.plist */ = {isa = PBXFileReference; lastKnownFileType = text.plist.xml; path = Info.plist; sourceTree = "<group>"; };
		2A77DE0A260D8CF300A992FE /* PictogramAppUITests.xctest */ = {isa = PBXFileReference; explicitFileType = wrapper.cfbundle; includeInIndex = 0; path = PictogramAppUITests.xctest; sourceTree = BUILT_PRODUCTS_DIR; };
		2A77DE0E260D8CF300A992FE /* PictogramAppUITests.swift */ = {isa = PBXFileReference; lastKnownFileType = sourcecode.swift; path = PictogramAppUITests.swift; sourceTree = "<group>"; };
		2A77DE10260D8CF300A992FE /* Info.plist */ = {isa = PBXFileReference; lastKnownFileType = text.plist.xml; path = Info.plist; sourceTree = "<group>"; };
		2A77DE21260D8D4300A992FE /* SignInView.swift */ = {isa = PBXFileReference; lastKnownFileType = sourcecode.swift; path = SignInView.swift; sourceTree = "<group>"; };
		2A77DE26260D8D7700A992FE /* FormField.swift */ = {isa = PBXFileReference; lastKnownFileType = sourcecode.swift; path = FormField.swift; sourceTree = "<group>"; };
		2A77DE2C260D8DAE00A992FE /* ButtonModifiers.swift */ = {isa = PBXFileReference; lastKnownFileType = sourcecode.swift; path = ButtonModifiers.swift; sourceTree = "<group>"; };
		2A77DE37260D939600A992FE /* SignUpView.swift */ = {isa = PBXFileReference; lastKnownFileType = sourcecode.swift; path = SignUpView.swift; sourceTree = "<group>"; };
		2A77DE3D260DAD1F00A992FE /* ImagePicker.swift */ = {isa = PBXFileReference; lastKnownFileType = sourcecode.swift; path = ImagePicker.swift; sourceTree = "<group>"; };
		2A843407261D4C8300BD1A32 /* SessionStorage.swift */ = {isa = PBXFileReference; lastKnownFileType = sourcecode.swift; path = SessionStorage.swift; sourceTree = "<group>"; };
		2A84340C261D774300BD1A32 /* HomeView.swift */ = {isa = PBXFileReference; lastKnownFileType = sourcecode.swift; path = HomeView.swift; sourceTree = "<group>"; };
		2A843411261DF71200BD1A32 /* Search.swift */ = {isa = PBXFileReference; lastKnownFileType = sourcecode.swift; path = Search.swift; sourceTree = "<group>"; };
		2A843416261DF73C00BD1A32 /* PostView.swift */ = {isa = PBXFileReference; lastKnownFileType = sourcecode.swift; path = PostView.swift; sourceTree = "<group>"; };
		2A84341B261DF77300BD1A32 /* NotificationsView.swift */ = {isa = PBXFileReference; lastKnownFileType = sourcecode.swift; path = NotificationsView.swift; sourceTree = "<group>"; };
		2A843420261DF78900BD1A32 /* ProfileView.swift */ = {isa = PBXFileReference; lastKnownFileType = sourcecode.swift; path = ProfileView.swift; sourceTree = "<group>"; };
		2A843425261DF7B000BD1A32 /* MainView.swift */ = {isa = PBXFileReference; lastKnownFileType = sourcecode.swift; path = MainView.swift; sourceTree = "<group>"; };
		2A843433261E6B5500BD1A32 /* PostModel.swift */ = {isa = PBXFileReference; lastKnownFileType = sourcecode.swift; path = PostModel.swift; sourceTree = "<group>"; };
		2A843438261E978A00BD1A32 /* PostService.swift */ = {isa = PBXFileReference; lastKnownFileType = sourcecode.swift; path = PostService.swift; sourceTree = "<group>"; };
		2AF2DB54261A332400F13966 /* GoogleService-Info.plist */ = {isa = PBXFileReference; fileEncoding = 4; lastKnownFileType = text.plist.xml; path = "GoogleService-Info.plist"; sourceTree = "<group>"; };
		2AF2DB77261A5FB900F13966 /* UserModel.swift */ = {isa = PBXFileReference; lastKnownFileType = sourcecode.swift; path = UserModel.swift; sourceTree = "<group>"; };
		2AF2DB7F261A607000F13966 /* Extensions .swift */ = {isa = PBXFileReference; lastKnownFileType = sourcecode.swift; path = "Extensions .swift"; sourceTree = "<group>"; };
		2AF2DB85261A855500F13966 /* AuthService.swift */ = {isa = PBXFileReference; lastKnownFileType = sourcecode.swift; path = AuthService.swift; sourceTree = "<group>"; };
		2AF2DB8E261A856E00F13966 /* StorageService.swift */ = {isa = PBXFileReference; lastKnownFileType = sourcecode.swift; path = StorageService.swift; sourceTree = "<group>"; };
		2E3E61A8F7B2D84ECD404E30 /* Pods-PictogramApp-PictogramAppUITests.debug.xcconfig */ = {isa = PBXFileReference; includeInIndex = 1; lastKnownFileType = text.xcconfig; name = "Pods-PictogramApp-PictogramAppUITests.debug.xcconfig"; path = "Target Support Files/Pods-PictogramApp-PictogramAppUITests/Pods-PictogramApp-PictogramAppUITests.debug.xcconfig"; sourceTree = "<group>"; };
		34D8D6FFA9D36D343677D0CC /* Pods-PictogramApp-PictogramAppUITests.release.xcconfig */ = {isa = PBXFileReference; includeInIndex = 1; lastKnownFileType = text.xcconfig; name = "Pods-PictogramApp-PictogramAppUITests.release.xcconfig"; path = "Target Support Files/Pods-PictogramApp-PictogramAppUITests/Pods-PictogramApp-PictogramAppUITests.release.xcconfig"; sourceTree = "<group>"; };
		3E8B3244B3AD98EEF2139286 /* Pods-PictogramApp.release.xcconfig */ = {isa = PBXFileReference; includeInIndex = 1; lastKnownFileType = text.xcconfig; name = "Pods-PictogramApp.release.xcconfig"; path = "Target Support Files/Pods-PictogramApp/Pods-PictogramApp.release.xcconfig"; sourceTree = "<group>"; };
		3F98AA1B72A1CEB2ABF3D0E4 /* Pods_PictogramAppTests.framework */ = {isa = PBXFileReference; explicitFileType = wrapper.framework; includeInIndex = 0; path = Pods_PictogramAppTests.framework; sourceTree = BUILT_PRODUCTS_DIR; };
		42C1F881D57887F36D163777 /* Pods-PictogramAppTests.release.xcconfig */ = {isa = PBXFileReference; includeInIndex = 1; lastKnownFileType = text.xcconfig; name = "Pods-PictogramAppTests.release.xcconfig"; path = "Target Support Files/Pods-PictogramAppTests/Pods-PictogramAppTests.release.xcconfig"; sourceTree = "<group>"; };
		8F17F6C0EFB599BF3656943A /* Pods-PictogramAppTests.debug.xcconfig */ = {isa = PBXFileReference; includeInIndex = 1; lastKnownFileType = text.xcconfig; name = "Pods-PictogramAppTests.debug.xcconfig"; path = "Target Support Files/Pods-PictogramAppTests/Pods-PictogramAppTests.debug.xcconfig"; sourceTree = "<group>"; };
		9AAA7E3BA39A7B8373D4ED85 /* Pods_PictogramApp_PictogramAppUITests.framework */ = {isa = PBXFileReference; explicitFileType = wrapper.framework; includeInIndex = 0; path = Pods_PictogramApp_PictogramAppUITests.framework; sourceTree = BUILT_PRODUCTS_DIR; };
		A94CFCDF3346BB0F49C26905 /* Pods_PictogramApp.framework */ = {isa = PBXFileReference; explicitFileType = wrapper.framework; includeInIndex = 0; path = Pods_PictogramApp.framework; sourceTree = BUILT_PRODUCTS_DIR; };
		FE04FDC3A2711754D4AE7A72 /* Pods-PictogramApp.debug.xcconfig */ = {isa = PBXFileReference; includeInIndex = 1; lastKnownFileType = text.xcconfig; name = "Pods-PictogramApp.debug.xcconfig"; path = "Target Support Files/Pods-PictogramApp/Pods-PictogramApp.debug.xcconfig"; sourceTree = "<group>"; };
/* End PBXFileReference section */

/* Begin PBXFrameworksBuildPhase section */
		2A77DDEB260D8CF100A992FE /* Frameworks */ = {
			isa = PBXFrameworksBuildPhase;
			buildActionMask = 2147483647;
			files = (
				7E88DDFCAB8B74DE7CEAC8B0 /* Pods_PictogramApp.framework in Frameworks */,
			);
			runOnlyForDeploymentPostprocessing = 0;
		};
		2A77DDFC260D8CF300A992FE /* Frameworks */ = {
			isa = PBXFrameworksBuildPhase;
			buildActionMask = 2147483647;
			files = (
				C9911B2272DE9855BD7F4185 /* Pods_PictogramAppTests.framework in Frameworks */,
			);
			runOnlyForDeploymentPostprocessing = 0;
		};
		2A77DE07260D8CF300A992FE /* Frameworks */ = {
			isa = PBXFrameworksBuildPhase;
			buildActionMask = 2147483647;
			files = (
				12A35991E040328E11D71735 /* Pods_PictogramApp_PictogramAppUITests.framework in Frameworks */,
			);
			runOnlyForDeploymentPostprocessing = 0;
		};
/* End PBXFrameworksBuildPhase section */

/* Begin PBXGroup section */
		2A77DDE5260D8CF100A992FE = {
			isa = PBXGroup;
			children = (
				2A77DDF0260D8CF100A992FE /* PictogramApp */,
				2A77DE02260D8CF300A992FE /* PictogramAppTests */,
				2A77DE0D260D8CF300A992FE /* PictogramAppUITests */,
				2A77DDEF260D8CF100A992FE /* Products */,
				9C0D9C1476A2C475C18F398A /* Pods */,
				B257901CF731D99D630B87C1 /* Frameworks */,
			);
			sourceTree = "<group>";
		};
		2A77DDEF260D8CF100A992FE /* Products */ = {
			isa = PBXGroup;
			children = (
				2A77DDEE260D8CF100A992FE /* PictogramApp.app */,
				2A77DDFF260D8CF300A992FE /* PictogramAppTests.xctest */,
				2A77DE0A260D8CF300A992FE /* PictogramAppUITests.xctest */,
			);
			name = Products;
			sourceTree = "<group>";
		};
		2A77DDF0260D8CF100A992FE /* PictogramApp */ = {
			isa = PBXGroup;
			children = (
				2AF2DB84261A854300F13966 /* Services */,
				2AF2DB76261A5FA900F13966 /* Models */,
				2AF2DB54261A332400F13966 /* GoogleService-Info.plist */,
				2A77DE3C260DAD0D00A992FE /* Utilities */,
				2A77DE1F260D8D2500A992FE /* Views */,
				2A77DE20260D8D2B00A992FE /* Components */,
				2A77DDF1260D8CF100A992FE /* PictogramAppApp.swift */,
				2A77DDF3260D8CF100A992FE /* ContentView.swift */,
				2A77DDF5260D8CF300A992FE /* Assets.xcassets */,
				2A77DDFA260D8CF300A992FE /* Info.plist */,
				2A77DDF7260D8CF300A992FE /* Preview Content */,
			);
			path = PictogramApp;
			sourceTree = "<group>";
		};
		2A77DDF7260D8CF300A992FE /* Preview Content */ = {
			isa = PBXGroup;
			children = (
				2A77DDF8260D8CF300A992FE /* Preview Assets.xcassets */,
			);
			path = "Preview Content";
			sourceTree = "<group>";
		};
		2A77DE02260D8CF300A992FE /* PictogramAppTests */ = {
			isa = PBXGroup;
			children = (
				2A77DE03260D8CF300A992FE /* PictogramAppTests.swift */,
				2A77DE05260D8CF300A992FE /* Info.plist */,
			);
			path = PictogramAppTests;
			sourceTree = "<group>";
		};
		2A77DE0D260D8CF300A992FE /* PictogramAppUITests */ = {
			isa = PBXGroup;
			children = (
				2A77DE0E260D8CF300A992FE /* PictogramAppUITests.swift */,
				2A77DE10260D8CF300A992FE /* Info.plist */,
			);
			path = PictogramAppUITests;
			sourceTree = "<group>";
		};
		2A77DE1F260D8D2500A992FE /* Views */ = {
			isa = PBXGroup;
			children = (
				2A77DE21260D8D4300A992FE /* SignInView.swift */,
				2A77DE37260D939600A992FE /* SignUpView.swift */,
				2A84340C261D774300BD1A32 /* HomeView.swift */,
				2A843411261DF71200BD1A32 /* Search.swift */,
				2A843416261DF73C00BD1A32 /* PostView.swift */,
				2A84341B261DF77300BD1A32 /* NotificationsView.swift */,
				2A843420261DF78900BD1A32 /* ProfileView.swift */,
				2A843425261DF7B000BD1A32 /* MainView.swift */,
			);
			path = Views;
			sourceTree = "<group>";
		};
		2A77DE20260D8D2B00A992FE /* Components */ = {
			isa = PBXGroup;
			children = (
				2A77DE26260D8D7700A992FE /* FormField.swift */,
				2A77DE2C260D8DAE00A992FE /* ButtonModifiers.swift */,
			);
			path = Components;
			sourceTree = "<group>";
		};
		2A77DE3C260DAD0D00A992FE /* Utilities */ = {
			isa = PBXGroup;
			children = (
				2A77DE3D260DAD1F00A992FE /* ImagePicker.swift */,
				2AF2DB7F261A607000F13966 /* Extensions .swift */,
			);
			path = Utilities;
			sourceTree = "<group>";
		};
		2AF2DB76261A5FA900F13966 /* Models */ = {
			isa = PBXGroup;
			children = (
				2AF2DB77261A5FB900F13966 /* UserModel.swift */,
				2A843433261E6B5500BD1A32 /* PostModel.swift */,
			);
			path = Models;
			sourceTree = "<group>";
		};
		2AF2DB84261A854300F13966 /* Services */ = {
			isa = PBXGroup;
			children = (
				2AF2DB85261A855500F13966 /* AuthService.swift */,
				2AF2DB8E261A856E00F13966 /* StorageService.swift */,
				2A843407261D4C8300BD1A32 /* SessionStorage.swift */,
				2A843438261E978A00BD1A32 /* PostService.swift */,
			);
			path = Services;
			sourceTree = "<group>";
		};
		9C0D9C1476A2C475C18F398A /* Pods */ = {
			isa = PBXGroup;
			children = (
				FE04FDC3A2711754D4AE7A72 /* Pods-PictogramApp.debug.xcconfig */,
				3E8B3244B3AD98EEF2139286 /* Pods-PictogramApp.release.xcconfig */,
				2E3E61A8F7B2D84ECD404E30 /* Pods-PictogramApp-PictogramAppUITests.debug.xcconfig */,
				34D8D6FFA9D36D343677D0CC /* Pods-PictogramApp-PictogramAppUITests.release.xcconfig */,
				8F17F6C0EFB599BF3656943A /* Pods-PictogramAppTests.debug.xcconfig */,
				42C1F881D57887F36D163777 /* Pods-PictogramAppTests.release.xcconfig */,
			);
			path = Pods;
			sourceTree = "<group>";
		};
		B257901CF731D99D630B87C1 /* Frameworks */ = {
			isa = PBXGroup;
			children = (
				A94CFCDF3346BB0F49C26905 /* Pods_PictogramApp.framework */,
				9AAA7E3BA39A7B8373D4ED85 /* Pods_PictogramApp_PictogramAppUITests.framework */,
				3F98AA1B72A1CEB2ABF3D0E4 /* Pods_PictogramAppTests.framework */,
			);
			name = Frameworks;
			sourceTree = "<group>";
		};
/* End PBXGroup section */

/* Begin PBXNativeTarget section */
		2A77DDED260D8CF100A992FE /* PictogramApp */ = {
			isa = PBXNativeTarget;
			buildConfigurationList = 2A77DE13260D8CF300A992FE /* Build configuration list for PBXNativeTarget "PictogramApp" */;
			buildPhases = (
				9D4C5CE1C7C108B9FC5A6BD0 /* [CP] Check Pods Manifest.lock */,
				2A77DDEA260D8CF100A992FE /* Sources */,
				2A77DDEB260D8CF100A992FE /* Frameworks */,
				2A77DDEC260D8CF100A992FE /* Resources */,
				1446D33BA09614BFBC674E9C /* [CP] Embed Pods Frameworks */,
			);
			buildRules = (
			);
			dependencies = (
			);
			name = PictogramApp;
			productName = PictogramApp;
			productReference = 2A77DDEE260D8CF100A992FE /* PictogramApp.app */;
			productType = "com.apple.product-type.application";
		};
		2A77DDFE260D8CF300A992FE /* PictogramAppTests */ = {
			isa = PBXNativeTarget;
			buildConfigurationList = 2A77DE16260D8CF300A992FE /* Build configuration list for PBXNativeTarget "PictogramAppTests" */;
			buildPhases = (
				F8B90284079E7551A1961750 /* [CP] Check Pods Manifest.lock */,
				2A77DDFB260D8CF300A992FE /* Sources */,
				2A77DDFC260D8CF300A992FE /* Frameworks */,
				2A77DDFD260D8CF300A992FE /* Resources */,
			);
			buildRules = (
			);
			dependencies = (
				2A77DE01260D8CF300A992FE /* PBXTargetDependency */,
			);
			name = PictogramAppTests;
			productName = PictogramAppTests;
			productReference = 2A77DDFF260D8CF300A992FE /* PictogramAppTests.xctest */;
			productType = "com.apple.product-type.bundle.unit-test";
		};
		2A77DE09260D8CF300A992FE /* PictogramAppUITests */ = {
			isa = PBXNativeTarget;
			buildConfigurationList = 2A77DE19260D8CF300A992FE /* Build configuration list for PBXNativeTarget "PictogramAppUITests" */;
			buildPhases = (
				E323883674D581EFEA640008 /* [CP] Check Pods Manifest.lock */,
				2A77DE06260D8CF300A992FE /* Sources */,
				2A77DE07260D8CF300A992FE /* Frameworks */,
				2A77DE08260D8CF300A992FE /* Resources */,
				1977DDC061CE3EF87120346C /* [CP] Embed Pods Frameworks */,
			);
			buildRules = (
			);
			dependencies = (
				2A77DE0C260D8CF300A992FE /* PBXTargetDependency */,
			);
			name = PictogramAppUITests;
			productName = PictogramAppUITests;
			productReference = 2A77DE0A260D8CF300A992FE /* PictogramAppUITests.xctest */;
			productType = "com.apple.product-type.bundle.ui-testing";
		};
/* End PBXNativeTarget section */

/* Begin PBXProject section */
		2A77DDE6260D8CF100A992FE /* Project object */ = {
			isa = PBXProject;
			attributes = {
				LastSwiftUpdateCheck = 1240;
				LastUpgradeCheck = 1240;
				TargetAttributes = {
					2A77DDED260D8CF100A992FE = {
						CreatedOnToolsVersion = 12.4;
					};
					2A77DDFE260D8CF300A992FE = {
						CreatedOnToolsVersion = 12.4;
						TestTargetID = 2A77DDED260D8CF100A992FE;
					};
					2A77DE09260D8CF300A992FE = {
						CreatedOnToolsVersion = 12.4;
						TestTargetID = 2A77DDED260D8CF100A992FE;
					};
				};
			};
			buildConfigurationList = 2A77DDE9260D8CF100A992FE /* Build configuration list for PBXProject "PictogramApp" */;
			compatibilityVersion = "Xcode 9.3";
			developmentRegion = en;
			hasScannedForEncodings = 0;
			knownRegions = (
				en,
				Base,
			);
			mainGroup = 2A77DDE5260D8CF100A992FE;
			productRefGroup = 2A77DDEF260D8CF100A992FE /* Products */;
			projectDirPath = "";
			projectRoot = "";
			targets = (
				2A77DDED260D8CF100A992FE /* PictogramApp */,
				2A77DDFE260D8CF300A992FE /* PictogramAppTests */,
				2A77DE09260D8CF300A992FE /* PictogramAppUITests */,
			);
		};
/* End PBXProject section */

/* Begin PBXResourcesBuildPhase section */
		2A77DDEC260D8CF100A992FE /* Resources */ = {
			isa = PBXResourcesBuildPhase;
			buildActionMask = 2147483647;
			files = (
				2A77DDF9260D8CF300A992FE /* Preview Assets.xcassets in Resources */,
				2A77DDF6260D8CF300A992FE /* Assets.xcassets in Resources */,
				2AF2DB55261A332500F13966 /* GoogleService-Info.plist in Resources */,
			);
			runOnlyForDeploymentPostprocessing = 0;
		};
		2A77DDFD260D8CF300A992FE /* Resources */ = {
			isa = PBXResourcesBuildPhase;
			buildActionMask = 2147483647;
			files = (
				2AF2DB56261A332500F13966 /* GoogleService-Info.plist in Resources */,
			);
			runOnlyForDeploymentPostprocessing = 0;
		};
		2A77DE08260D8CF300A992FE /* Resources */ = {
			isa = PBXResourcesBuildPhase;
			buildActionMask = 2147483647;
			files = (
				2AF2DB57261A332500F13966 /* GoogleService-Info.plist in Resources */,
			);
			runOnlyForDeploymentPostprocessing = 0;
		};
/* End PBXResourcesBuildPhase section */

/* Begin PBXShellScriptBuildPhase section */
		1446D33BA09614BFBC674E9C /* [CP] Embed Pods Frameworks */ = {
			isa = PBXShellScriptBuildPhase;
			buildActionMask = 2147483647;
			files = (
			);
			inputFileListPaths = (
				"${PODS_ROOT}/Target Support Files/Pods-PictogramApp/Pods-PictogramApp-frameworks-${CONFIGURATION}-input-files.xcfilelist",
			);
			name = "[CP] Embed Pods Frameworks";
			outputFileListPaths = (
				"${PODS_ROOT}/Target Support Files/Pods-PictogramApp/Pods-PictogramApp-frameworks-${CONFIGURATION}-output-files.xcfilelist",
			);
			runOnlyForDeploymentPostprocessing = 0;
			shellPath = /bin/sh;
			shellScript = "\"${PODS_ROOT}/Target Support Files/Pods-PictogramApp/Pods-PictogramApp-frameworks.sh\"\n";
			showEnvVarsInLog = 0;
		};
		1977DDC061CE3EF87120346C /* [CP] Embed Pods Frameworks */ = {
			isa = PBXShellScriptBuildPhase;
			buildActionMask = 2147483647;
			files = (
			);
			inputFileListPaths = (
				"${PODS_ROOT}/Target Support Files/Pods-PictogramApp-PictogramAppUITests/Pods-PictogramApp-PictogramAppUITests-frameworks-${CONFIGURATION}-input-files.xcfilelist",
			);
			name = "[CP] Embed Pods Frameworks";
			outputFileListPaths = (
				"${PODS_ROOT}/Target Support Files/Pods-PictogramApp-PictogramAppUITests/Pods-PictogramApp-PictogramAppUITests-frameworks-${CONFIGURATION}-output-files.xcfilelist",
			);
			runOnlyForDeploymentPostprocessing = 0;
			shellPath = /bin/sh;
			shellScript = "\"${PODS_ROOT}/Target Support Files/Pods-PictogramApp-PictogramAppUITests/Pods-PictogramApp-PictogramAppUITests-frameworks.sh\"\n";
			showEnvVarsInLog = 0;
		};
		9D4C5CE1C7C108B9FC5A6BD0 /* [CP] Check Pods Manifest.lock */ = {
			isa = PBXShellScriptBuildPhase;
			buildActionMask = 2147483647;
			files = (
			);
			inputFileListPaths = (
			);
			inputPaths = (
				"${PODS_PODFILE_DIR_PATH}/Podfile.lock",
				"${PODS_ROOT}/Manifest.lock",
			);
			name = "[CP] Check Pods Manifest.lock";
			outputFileListPaths = (
			);
			outputPaths = (
				"$(DERIVED_FILE_DIR)/Pods-PictogramApp-checkManifestLockResult.txt",
			);
			runOnlyForDeploymentPostprocessing = 0;
			shellPath = /bin/sh;
			shellScript = "diff \"${PODS_PODFILE_DIR_PATH}/Podfile.lock\" \"${PODS_ROOT}/Manifest.lock\" > /dev/null\nif [ $? != 0 ] ; then\n    # print error to STDERR\n    echo \"error: The sandbox is not in sync with the Podfile.lock. Run 'pod install' or update your CocoaPods installation.\" >&2\n    exit 1\nfi\n# This output is used by Xcode 'outputs' to avoid re-running this script phase.\necho \"SUCCESS\" > \"${SCRIPT_OUTPUT_FILE_0}\"\n";
			showEnvVarsInLog = 0;
		};
		E323883674D581EFEA640008 /* [CP] Check Pods Manifest.lock */ = {
			isa = PBXShellScriptBuildPhase;
			buildActionMask = 2147483647;
			files = (
			);
			inputFileListPaths = (
			);
			inputPaths = (
				"${PODS_PODFILE_DIR_PATH}/Podfile.lock",
				"${PODS_ROOT}/Manifest.lock",
			);
			name = "[CP] Check Pods Manifest.lock";
			outputFileListPaths = (
			);
			outputPaths = (
				"$(DERIVED_FILE_DIR)/Pods-PictogramApp-PictogramAppUITests-checkManifestLockResult.txt",
			);
			runOnlyForDeploymentPostprocessing = 0;
			shellPath = /bin/sh;
			shellScript = "diff \"${PODS_PODFILE_DIR_PATH}/Podfile.lock\" \"${PODS_ROOT}/Manifest.lock\" > /dev/null\nif [ $? != 0 ] ; then\n    # print error to STDERR\n    echo \"error: The sandbox is not in sync with the Podfile.lock. Run 'pod install' or update your CocoaPods installation.\" >&2\n    exit 1\nfi\n# This output is used by Xcode 'outputs' to avoid re-running this script phase.\necho \"SUCCESS\" > \"${SCRIPT_OUTPUT_FILE_0}\"\n";
			showEnvVarsInLog = 0;
		};
		F8B90284079E7551A1961750 /* [CP] Check Pods Manifest.lock */ = {
			isa = PBXShellScriptBuildPhase;
			buildActionMask = 2147483647;
			files = (
			);
			inputFileListPaths = (
			);
			inputPaths = (
				"${PODS_PODFILE_DIR_PATH}/Podfile.lock",
				"${PODS_ROOT}/Manifest.lock",
			);
			name = "[CP] Check Pods Manifest.lock";
			outputFileListPaths = (
			);
			outputPaths = (
				"$(DERIVED_FILE_DIR)/Pods-PictogramAppTests-checkManifestLockResult.txt",
			);
			runOnlyForDeploymentPostprocessing = 0;
			shellPath = /bin/sh;
			shellScript = "diff \"${PODS_PODFILE_DIR_PATH}/Podfile.lock\" \"${PODS_ROOT}/Manifest.lock\" > /dev/null\nif [ $? != 0 ] ; then\n    # print error to STDERR\n    echo \"error: The sandbox is not in sync with the Podfile.lock. Run 'pod install' or update your CocoaPods installation.\" >&2\n    exit 1\nfi\n# This output is used by Xcode 'outputs' to avoid re-running this script phase.\necho \"SUCCESS\" > \"${SCRIPT_OUTPUT_FILE_0}\"\n";
			showEnvVarsInLog = 0;
		};
/* End PBXShellScriptBuildPhase section */

/* Begin PBXSourcesBuildPhase section */
		2A77DDEA260D8CF100A992FE /* Sources */ = {
			isa = PBXSourcesBuildPhase;
			buildActionMask = 2147483647;
			files = (
				2A77DE22260D8D4300A992FE /* SignInView.swift in Sources */,
				2A843426261DF7B000BD1A32 /* MainView.swift in Sources */,
				2A77DDF4260D8CF100A992FE /* ContentView.swift in Sources */,
				2A843417261DF73C00BD1A32 /* PostView.swift in Sources */,
				2A84340D261D774300BD1A32 /* HomeView.swift in Sources */,
				2AF2DB78261A5FB900F13966 /* UserModel.swift in Sources */,
				2AF2DB80261A607000F13966 /* Extensions .swift in Sources */,
				2A843408261D4C8300BD1A32 /* SessionStorage.swift in Sources */,
				2A84341C261DF77300BD1A32 /* NotificationsView.swift in Sources */,
				2A77DE2D260D8DAE00A992FE /* ButtonModifiers.swift in Sources */,
				2A843421261DF78900BD1A32 /* ProfileView.swift in Sources */,
				2A77DE3E260DAD1F00A992FE /* ImagePicker.swift in Sources */,
				2A77DE27260D8D7700A992FE /* FormField.swift in Sources */,
				2AF2DB86261A855500F13966 /* AuthService.swift in Sources */,
				2A843434261E6B5500BD1A32 /* PostModel.swift in Sources */,
				2A843439261E978A00BD1A32 /* PostService.swift in Sources */,
				2A77DE38260D939600A992FE /* SignUpView.swift in Sources */,
				2AF2DB8F261A856E00F13966 /* StorageService.swift in Sources */,
				2A77DDF2260D8CF100A992FE /* PictogramAppApp.swift in Sources */,
				2A843412261DF71300BD1A32 /* Search.swift in Sources */,
			);
			runOnlyForDeploymentPostprocessing = 0;
		};
		2A77DDFB260D8CF300A992FE /* Sources */ = {
			isa = PBXSourcesBuildPhase;
			buildActionMask = 2147483647;
			files = (
				2A77DE04260D8CF300A992FE /* PictogramAppTests.swift in Sources */,
			);
			runOnlyForDeploymentPostprocessing = 0;
		};
		2A77DE06260D8CF300A992FE /* Sources */ = {
			isa = PBXSourcesBuildPhase;
			buildActionMask = 2147483647;
			files = (
				2A77DE0F260D8CF300A992FE /* PictogramAppUITests.swift in Sources */,
			);
			runOnlyForDeploymentPostprocessing = 0;
		};
/* End PBXSourcesBuildPhase section */

/* Begin PBXTargetDependency section */
		2A77DE01260D8CF300A992FE /* PBXTargetDependency */ = {
			isa = PBXTargetDependency;
			target = 2A77DDED260D8CF100A992FE /* PictogramApp */;
			targetProxy = 2A77DE00260D8CF300A992FE /* PBXContainerItemProxy */;
		};
		2A77DE0C260D8CF300A992FE /* PBXTargetDependency */ = {
			isa = PBXTargetDependency;
			target = 2A77DDED260D8CF100A992FE /* PictogramApp */;
			targetProxy = 2A77DE0B260D8CF300A992FE /* PBXContainerItemProxy */;
		};
/* End PBXTargetDependency section */

/* Begin XCBuildConfiguration section */
		2A77DE11260D8CF300A992FE /* Debug */ = {
			isa = XCBuildConfiguration;
			buildSettings = {
				ALWAYS_SEARCH_USER_PATHS = NO;
				CLANG_ANALYZER_NONNULL = YES;
				CLANG_ANALYZER_NUMBER_OBJECT_CONVERSION = YES_AGGRESSIVE;
				CLANG_CXX_LANGUAGE_STANDARD = "gnu++14";
				CLANG_CXX_LIBRARY = "libc++";
				CLANG_ENABLE_MODULES = YES;
				CLANG_ENABLE_OBJC_ARC = YES;
				CLANG_ENABLE_OBJC_WEAK = YES;
				CLANG_WARN_BLOCK_CAPTURE_AUTORELEASING = YES;
				CLANG_WARN_BOOL_CONVERSION = YES;
				CLANG_WARN_COMMA = YES;
				CLANG_WARN_CONSTANT_CONVERSION = YES;
				CLANG_WARN_DEPRECATED_OBJC_IMPLEMENTATIONS = YES;
				CLANG_WARN_DIRECT_OBJC_ISA_USAGE = YES_ERROR;
				CLANG_WARN_DOCUMENTATION_COMMENTS = YES;
				CLANG_WARN_EMPTY_BODY = YES;
				CLANG_WARN_ENUM_CONVERSION = YES;
				CLANG_WARN_INFINITE_RECURSION = YES;
				CLANG_WARN_INT_CONVERSION = YES;
				CLANG_WARN_NON_LITERAL_NULL_CONVERSION = YES;
				CLANG_WARN_OBJC_IMPLICIT_RETAIN_SELF = YES;
				CLANG_WARN_OBJC_LITERAL_CONVERSION = YES;
				CLANG_WARN_OBJC_ROOT_CLASS = YES_ERROR;
				CLANG_WARN_QUOTED_INCLUDE_IN_FRAMEWORK_HEADER = YES;
				CLANG_WARN_RANGE_LOOP_ANALYSIS = YES;
				CLANG_WARN_STRICT_PROTOTYPES = YES;
				CLANG_WARN_SUSPICIOUS_MOVE = YES;
				CLANG_WARN_UNGUARDED_AVAILABILITY = YES_AGGRESSIVE;
				CLANG_WARN_UNREACHABLE_CODE = YES;
				CLANG_WARN__DUPLICATE_METHOD_MATCH = YES;
				COPY_PHASE_STRIP = NO;
				DEBUG_INFORMATION_FORMAT = dwarf;
				ENABLE_STRICT_OBJC_MSGSEND = YES;
				ENABLE_TESTABILITY = YES;
				GCC_C_LANGUAGE_STANDARD = gnu11;
				GCC_DYNAMIC_NO_PIC = NO;
				GCC_NO_COMMON_BLOCKS = YES;
				GCC_OPTIMIZATION_LEVEL = 0;
				GCC_PREPROCESSOR_DEFINITIONS = (
					"DEBUG=1",
					"$(inherited)",
				);
				GCC_WARN_64_TO_32_BIT_CONVERSION = YES;
				GCC_WARN_ABOUT_RETURN_TYPE = YES_ERROR;
				GCC_WARN_UNDECLARED_SELECTOR = YES;
				GCC_WARN_UNINITIALIZED_AUTOS = YES_AGGRESSIVE;
				GCC_WARN_UNUSED_FUNCTION = YES;
				GCC_WARN_UNUSED_VARIABLE = YES;
				IPHONEOS_DEPLOYMENT_TARGET = 14.4;
				MTL_ENABLE_DEBUG_INFO = INCLUDE_SOURCE;
				MTL_FAST_MATH = YES;
				ONLY_ACTIVE_ARCH = YES;
				SDKROOT = iphoneos;
				SWIFT_ACTIVE_COMPILATION_CONDITIONS = DEBUG;
				SWIFT_OPTIMIZATION_LEVEL = "-Onone";
			};
			name = Debug;
		};
		2A77DE12260D8CF300A992FE /* Release */ = {
			isa = XCBuildConfiguration;
			buildSettings = {
				ALWAYS_SEARCH_USER_PATHS = NO;
				CLANG_ANALYZER_NONNULL = YES;
				CLANG_ANALYZER_NUMBER_OBJECT_CONVERSION = YES_AGGRESSIVE;
				CLANG_CXX_LANGUAGE_STANDARD = "gnu++14";
				CLANG_CXX_LIBRARY = "libc++";
				CLANG_ENABLE_MODULES = YES;
				CLANG_ENABLE_OBJC_ARC = YES;
				CLANG_ENABLE_OBJC_WEAK = YES;
				CLANG_WARN_BLOCK_CAPTURE_AUTORELEASING = YES;
				CLANG_WARN_BOOL_CONVERSION = YES;
				CLANG_WARN_COMMA = YES;
				CLANG_WARN_CONSTANT_CONVERSION = YES;
				CLANG_WARN_DEPRECATED_OBJC_IMPLEMENTATIONS = YES;
				CLANG_WARN_DIRECT_OBJC_ISA_USAGE = YES_ERROR;
				CLANG_WARN_DOCUMENTATION_COMMENTS = YES;
				CLANG_WARN_EMPTY_BODY = YES;
				CLANG_WARN_ENUM_CONVERSION = YES;
				CLANG_WARN_INFINITE_RECURSION = YES;
				CLANG_WARN_INT_CONVERSION = YES;
				CLANG_WARN_NON_LITERAL_NULL_CONVERSION = YES;
				CLANG_WARN_OBJC_IMPLICIT_RETAIN_SELF = YES;
				CLANG_WARN_OBJC_LITERAL_CONVERSION = YES;
				CLANG_WARN_OBJC_ROOT_CLASS = YES_ERROR;
				CLANG_WARN_QUOTED_INCLUDE_IN_FRAMEWORK_HEADER = YES;
				CLANG_WARN_RANGE_LOOP_ANALYSIS = YES;
				CLANG_WARN_STRICT_PROTOTYPES = YES;
				CLANG_WARN_SUSPICIOUS_MOVE = YES;
				CLANG_WARN_UNGUARDED_AVAILABILITY = YES_AGGRESSIVE;
				CLANG_WARN_UNREACHABLE_CODE = YES;
				CLANG_WARN__DUPLICATE_METHOD_MATCH = YES;
				COPY_PHASE_STRIP = NO;
				DEBUG_INFORMATION_FORMAT = "dwarf-with-dsym";
				ENABLE_NS_ASSERTIONS = NO;
				ENABLE_STRICT_OBJC_MSGSEND = YES;
				GCC_C_LANGUAGE_STANDARD = gnu11;
				GCC_NO_COMMON_BLOCKS = YES;
				GCC_WARN_64_TO_32_BIT_CONVERSION = YES;
				GCC_WARN_ABOUT_RETURN_TYPE = YES_ERROR;
				GCC_WARN_UNDECLARED_SELECTOR = YES;
				GCC_WARN_UNINITIALIZED_AUTOS = YES_AGGRESSIVE;
				GCC_WARN_UNUSED_FUNCTION = YES;
				GCC_WARN_UNUSED_VARIABLE = YES;
				IPHONEOS_DEPLOYMENT_TARGET = 14.4;
				MTL_ENABLE_DEBUG_INFO = NO;
				MTL_FAST_MATH = YES;
				SDKROOT = iphoneos;
				SWIFT_COMPILATION_MODE = wholemodule;
				SWIFT_OPTIMIZATION_LEVEL = "-O";
				VALIDATE_PRODUCT = YES;
			};
			name = Release;
		};
		2A77DE14260D8CF300A992FE /* Debug */ = {
			isa = XCBuildConfiguration;
			baseConfigurationReference = FE04FDC3A2711754D4AE7A72 /* Pods-PictogramApp.debug.xcconfig */;
			buildSettings = {
				ASSETCATALOG_COMPILER_APPICON_NAME = AppIcon;
				ASSETCATALOG_COMPILER_GLOBAL_ACCENT_COLOR_NAME = AccentColor;
				CODE_SIGN_STYLE = Automatic;
				DEVELOPMENT_ASSET_PATHS = "\"PictogramApp/Preview Content\"";
				ENABLE_PREVIEWS = YES;
				INFOPLIST_FILE = PictogramApp/Info.plist;
				IPHONEOS_DEPLOYMENT_TARGET = 14.0;
				LD_RUNPATH_SEARCH_PATHS = (
					"$(inherited)",
					"@executable_path/Frameworks",
				);
				PRODUCT_BUNDLE_IDENTIFIER = com.juanrojas.PictogramApp;
				PRODUCT_NAME = "$(TARGET_NAME)";
				SWIFT_VERSION = 5.0;
				TARGETED_DEVICE_FAMILY = "1,2";
			};
			name = Debug;
		};
		2A77DE15260D8CF300A992FE /* Release */ = {
			isa = XCBuildConfiguration;
			baseConfigurationReference = 3E8B3244B3AD98EEF2139286 /* Pods-PictogramApp.release.xcconfig */;
			buildSettings = {
				ASSETCATALOG_COMPILER_APPICON_NAME = AppIcon;
				ASSETCATALOG_COMPILER_GLOBAL_ACCENT_COLOR_NAME = AccentColor;
				CODE_SIGN_STYLE = Automatic;
				DEVELOPMENT_ASSET_PATHS = "\"PictogramApp/Preview Content\"";
				ENABLE_PREVIEWS = YES;
				INFOPLIST_FILE = PictogramApp/Info.plist;
				IPHONEOS_DEPLOYMENT_TARGET = 14.0;
				LD_RUNPATH_SEARCH_PATHS = (
					"$(inherited)",
					"@executable_path/Frameworks",
				);
				PRODUCT_BUNDLE_IDENTIFIER = com.juanrojas.PictogramApp;
				PRODUCT_NAME = "$(TARGET_NAME)";
				SWIFT_VERSION = 5.0;
				TARGETED_DEVICE_FAMILY = "1,2";
			};
			name = Release;
		};
		2A77DE17260D8CF300A992FE /* Debug */ = {
			isa = XCBuildConfiguration;
			baseConfigurationReference = 8F17F6C0EFB599BF3656943A /* Pods-PictogramAppTests.debug.xcconfig */;
			buildSettings = {
				ALWAYS_EMBED_SWIFT_STANDARD_LIBRARIES = YES;
				BUNDLE_LOADER = "$(TEST_HOST)";
				CODE_SIGN_STYLE = Automatic;
				INFOPLIST_FILE = PictogramAppTests/Info.plist;
				IPHONEOS_DEPLOYMENT_TARGET = 14.0;
				LD_RUNPATH_SEARCH_PATHS = (
					"$(inherited)",
					"@executable_path/Frameworks",
					"@loader_path/Frameworks",
				);
				PRODUCT_BUNDLE_IDENTIFIER = com.juanrojas.PictogramAppTests;
				PRODUCT_NAME = "$(TARGET_NAME)";
				SWIFT_VERSION = 5.0;
				TARGETED_DEVICE_FAMILY = "1,2";
				TEST_HOST = "$(BUILT_PRODUCTS_DIR)/PictogramApp.app/PictogramApp";
			};
			name = Debug;
		};
		2A77DE18260D8CF300A992FE /* Release */ = {
			isa = XCBuildConfiguration;
			baseConfigurationReference = 42C1F881D57887F36D163777 /* Pods-PictogramAppTests.release.xcconfig */;
			buildSettings = {
				ALWAYS_EMBED_SWIFT_STANDARD_LIBRARIES = YES;
				BUNDLE_LOADER = "$(TEST_HOST)";
				CODE_SIGN_STYLE = Automatic;
				INFOPLIST_FILE = PictogramAppTests/Info.plist;
				IPHONEOS_DEPLOYMENT_TARGET = 14.0;
				LD_RUNPATH_SEARCH_PATHS = (
					"$(inherited)",
					"@executable_path/Frameworks",
					"@loader_path/Frameworks",
				);
				PRODUCT_BUNDLE_IDENTIFIER = com.juanrojas.PictogramAppTests;
				PRODUCT_NAME = "$(TARGET_NAME)";
				SWIFT_VERSION = 5.0;
				TARGETED_DEVICE_FAMILY = "1,2";
				TEST_HOST = "$(BUILT_PRODUCTS_DIR)/PictogramApp.app/PictogramApp";
			};
			name = Release;
		};
		2A77DE1A260D8CF300A992FE /* Debug */ = {
			isa = XCBuildConfiguration;
			baseConfigurationReference = 2E3E61A8F7B2D84ECD404E30 /* Pods-PictogramApp-PictogramAppUITests.debug.xcconfig */;
			buildSettings = {
				ALWAYS_EMBED_SWIFT_STANDARD_LIBRARIES = YES;
				CODE_SIGN_STYLE = Automatic;
				INFOPLIST_FILE = PictogramAppUITests/Info.plist;
				LD_RUNPATH_SEARCH_PATHS = (
					"$(inherited)",
					"@executable_path/Frameworks",
					"@loader_path/Frameworks",
				);
				PRODUCT_BUNDLE_IDENTIFIER = com.juanrojas.PictogramAppUITests;
				PRODUCT_NAME = "$(TARGET_NAME)";
				SWIFT_VERSION = 5.0;
				TARGETED_DEVICE_FAMILY = "1,2";
				TEST_TARGET_NAME = PictogramApp;
			};
			name = Debug;
		};
		2A77DE1B260D8CF300A992FE /* Release */ = {
			isa = XCBuildConfiguration;
			baseConfigurationReference = 34D8D6FFA9D36D343677D0CC /* Pods-PictogramApp-PictogramAppUITests.release.xcconfig */;
			buildSettings = {
				ALWAYS_EMBED_SWIFT_STANDARD_LIBRARIES = YES;
				CODE_SIGN_STYLE = Automatic;
				INFOPLIST_FILE = PictogramAppUITests/Info.plist;
				LD_RUNPATH_SEARCH_PATHS = (
					"$(inherited)",
					"@executable_path/Frameworks",
					"@loader_path/Frameworks",
				);
				PRODUCT_BUNDLE_IDENTIFIER = com.juanrojas.PictogramAppUITests;
				PRODUCT_NAME = "$(TARGET_NAME)";
				SWIFT_VERSION = 5.0;
				TARGETED_DEVICE_FAMILY = "1,2";
				TEST_TARGET_NAME = PictogramApp;
			};
			name = Release;
		};
/* End XCBuildConfiguration section */

/* Begin XCConfigurationList section */
		2A77DDE9260D8CF100A992FE /* Build configuration list for PBXProject "PictogramApp" */ = {
			isa = XCConfigurationList;
			buildConfigurations = (
				2A77DE11260D8CF300A992FE /* Debug */,
				2A77DE12260D8CF300A992FE /* Release */,
			);
			defaultConfigurationIsVisible = 0;
			defaultConfigurationName = Release;
		};
		2A77DE13260D8CF300A992FE /* Build configuration list for PBXNativeTarget "PictogramApp" */ = {
			isa = XCConfigurationList;
			buildConfigurations = (
				2A77DE14260D8CF300A992FE /* Debug */,
				2A77DE15260D8CF300A992FE /* Release */,
			);
			defaultConfigurationIsVisible = 0;
			defaultConfigurationName = Release;
		};
		2A77DE16260D8CF300A992FE /* Build configuration list for PBXNativeTarget "PictogramAppTests" */ = {
			isa = XCConfigurationList;
			buildConfigurations = (
				2A77DE17260D8CF300A992FE /* Debug */,
				2A77DE18260D8CF300A992FE /* Release */,
			);
			defaultConfigurationIsVisible = 0;
			defaultConfigurationName = Release;
		};
		2A77DE19260D8CF300A992FE /* Build configuration list for PBXNativeTarget "PictogramAppUITests" */ = {
			isa = XCConfigurationList;
			buildConfigurations = (
				2A77DE1A260D8CF300A992FE /* Debug */,
				2A77DE1B260D8CF300A992FE /* Release */,
			);
			defaultConfigurationIsVisible = 0;
			defaultConfigurationName = Release;
		};
/* End XCConfigurationList section */
	};
	rootObject = 2A77DDE6260D8CF100A992FE /* Project object */;
}
